
Microsoft Visual Studio Solution File, Format Version 12.00
# Visual Studio Version 17
VisualStudioVersion = 17.13.35828.75 d17.13
MinimumVisualStudioVersion = 10.0.40219.1
Project("{FAE04EC0-301F-11D3-BF4B-00C04F79EFBC}") = "SignalR Configuration", "SignalR Configuration\SignalR Configuration.csproj", "{0598C841-DA5B-4AF5-B76B-810E00349000}"
EndProject
Global
	GlobalSection(SolutionConfigurationPlatforms) = preSolution
		Debug|Any CPU = Debug|Any CPU
		Release|Any CPU = Release|Any CPU
	EndGlobalSection
	GlobalSection(ProjectConfigurationPlatforms) = postSolution
		{0598C841-DA5B-4AF5-B76B-810E00349000}.Debug|Any CPU.ActiveCfg = Debug|Any CPU
		{0598C841-DA5B-4AF5-B76B-810E00349000}.Debug|Any CPU.Build.0 = Debug|Any CPU
		{0598C841-DA5B-4AF5-B76B-810E00349000}.Release|Any CPU.ActiveCfg = Release|Any CPU
		{0598C841-DA5B-4AF5-B76B-810E00349000}.Release|Any CPU.Build.0 = Release|Any CPU
	EndGlobalSection
	GlobalSection(SolutionProperties) = preSolution
		HideSolutionNode = FALSE
	EndGlobalSection
	GlobalSection(ExtensibilityGlobals) = postSolution
		SolutionGuid = {7D11B663-7B04-435D-B55E-CE8A728E5F8A}
	EndGlobalSection
EndGlobal
